
Microsoft Visual Studio Solution File, Format Version 12.00
# Visual Studio Version 16
VisualStudioVersion = 16.0.29806.167
MinimumVisualStudioVersion = 10.0.40219.1
Project("{2150E333-8FDC-42A3-9474-1A3956D46DE8}") = "Application", "Application", "{47DC248D-6E78-4D93-A741-30F6E96E4375}"
EndProject
Project("{2150E333-8FDC-42A3-9474-1A3956D46DE8}") = "Domain", "Domain", "{A566AA82-CBAB-4485-AADF-DF118EFF3462}"
EndProject
Project("{2150E333-8FDC-42A3-9474-1A3956D46DE8}") = "Infrastructure.IoC", "Infrastructure.IoC", "{2D317350-6794-452A-89C0-92BABD0F9403}"
EndProject
Project("{2150E333-8FDC-42A3-9474-1A3956D46DE8}") = "Infrastructure.Data", "Infrastructure.Data", "{931AF58D-EA22-4E78-A9B7-B7E87F90B903}"
EndProject
Project("{2150E333-8FDC-42A3-9474-1A3956D46DE8}") = "Presentation", "Presentation", "{A21F26C6-4D1D-4A52-B401-F7672669E5CE}"
EndProject
Project("{9A19103F-16F7-4668-BE54-9A1E7A4F7556}") = "CleanArch.Mvc", "CleanArch.Mvc\CleanArch.Mvc.csproj", "{AC3AC893-252F-4ACA-A437-A6F2E8C624C8}"
EndProject
Project("{9A19103F-16F7-4668-BE54-9A1E7A4F7556}") = "CleanArch.Domain", "CleanArch.Domain\CleanArch.Domain.csproj", "{7723E637-4816-45E7-A9DF-52172020EC43}"
EndProject
Project("{9A19103F-16F7-4668-BE54-9A1E7A4F7556}") = "CleanArch.Infrastructure.Data", "CleanArch.Infrastructure.Data\CleanArch.Infrastructure.Data.csproj", "{15A98928-E5CF-4C64-B635-D20AD0D4B1EE}"
EndProject
Project("{FAE04EC0-301F-11D3-BF4B-00C04F79EFBC}") = "CleanArch.Application", "CleanArch.Application\CleanArch.Application.csproj", "{8EFE4668-62C2-4919-B7EF-6E6DCD43193A}"
EndProject
Global
	GlobalSection(SolutionConfigurationPlatforms) = preSolution
		Debug|Any CPU = Debug|Any CPU
		Release|Any CPU = Release|Any CPU
	EndGlobalSection
	GlobalSection(ProjectConfigurationPlatforms) = postSolution
		{AC3AC893-252F-4ACA-A437-A6F2E8C624C8}.Debug|Any CPU.ActiveCfg = Debug|Any CPU
		{AC3AC893-252F-4ACA-A437-A6F2E8C624C8}.Debug|Any CPU.Build.0 = Debug|Any CPU
		{AC3AC893-252F-4ACA-A437-A6F2E8C624C8}.Release|Any CPU.ActiveCfg = Release|Any CPU
		{AC3AC893-252F-4ACA-A437-A6F2E8C624C8}.Release|Any CPU.Build.0 = Release|Any CPU
		{7723E637-4816-45E7-A9DF-52172020EC43}.Debug|Any CPU.ActiveCfg = Debug|Any CPU
		{7723E637-4816-45E7-A9DF-52172020EC43}.Debug|Any CPU.Build.0 = Debug|Any CPU
		{7723E637-4816-45E7-A9DF-52172020EC43}.Release|Any CPU.ActiveCfg = Release|Any CPU
		{7723E637-4816-45E7-A9DF-52172020EC43}.Release|Any CPU.Build.0 = Release|Any CPU
		{15A98928-E5CF-4C64-B635-D20AD0D4B1EE}.Debug|Any CPU.ActiveCfg = Debug|Any CPU
		{15A98928-E5CF-4C64-B635-D20AD0D4B1EE}.Debug|Any CPU.Build.0 = Debug|Any CPU
		{15A98928-E5CF-4C64-B635-D20AD0D4B1EE}.Release|Any CPU.ActiveCfg = Release|Any CPU
		{15A98928-E5CF-4C64-B635-D20AD0D4B1EE}.Release|Any CPU.Build.0 = Release|Any CPU
		{8EFE4668-62C2-4919-B7EF-6E6DCD43193A}.Debug|Any CPU.ActiveCfg = Debug|Any CPU
		{8EFE4668-62C2-4919-B7EF-6E6DCD43193A}.Debug|Any CPU.Build.0 = Debug|Any CPU
		{8EFE4668-62C2-4919-B7EF-6E6DCD43193A}.Release|Any CPU.ActiveCfg = Release|Any CPU
		{8EFE4668-62C2-4919-B7EF-6E6DCD43193A}.Release|Any CPU.Build.0 = Release|Any CPU
	EndGlobalSection
	GlobalSection(SolutionProperties) = preSolution
		HideSolutionNode = FALSE
	EndGlobalSection
	GlobalSection(NestedProjects) = preSolution
		{AC3AC893-252F-4ACA-A437-A6F2E8C624C8} = {A21F26C6-4D1D-4A52-B401-F7672669E5CE}
		{7723E637-4816-45E7-A9DF-52172020EC43} = {A566AA82-CBAB-4485-AADF-DF118EFF3462}
		{15A98928-E5CF-4C64-B635-D20AD0D4B1EE} = {931AF58D-EA22-4E78-A9B7-B7E87F90B903}
		{8EFE4668-62C2-4919-B7EF-6E6DCD43193A} = {47DC248D-6E78-4D93-A741-30F6E96E4375}
	EndGlobalSection
	GlobalSection(ExtensibilityGlobals) = postSolution
		SolutionGuid = {FD970326-FC9D-4857-972F-2358DC2B42EE}
	EndGlobalSection
EndGlobal
